
Microsoft Visual Studio Solution File, Format Version 12.00
# Visual Studio 15
VisualStudioVersion = 15.0.28307.2092
MinimumVisualStudioVersion = 10.0.40219.1
Project("{FAE04EC0-301F-11D3-BF4B-00C04F79EFBC}") = "TTG_LOG_WPF", "TTG_LOG_WPF\TTG_LOG_WPF.csproj", "{41768991-9601-4043-A9B5-1618C7373CEB}"
EndProject
Global
	GlobalSection(SolutionConfigurationPlatforms) = preSolution
		Debug|Any CPU = Debug|Any CPU
		Release|Any CPU = Release|Any CPU
	EndGlobalSection
	GlobalSection(ProjectConfigurationPlatforms) = postSolution
		{41768991-9601-4043-A9B5-1618C7373CEB}.Debug|Any CPU.ActiveCfg = Debug|Any CPU
		{41768991-9601-4043-A9B5-1618C7373CEB}.Debug|Any CPU.Build.0 = Debug|Any CPU
		{41768991-9601-4043-A9B5-1618C7373CEB}.Release|Any CPU.ActiveCfg = Release|Any CPU
		{41768991-9601-4043-A9B5-1618C7373CEB}.Release|Any CPU.Build.0 = Release|Any CPU
	EndGlobalSection
	GlobalSection(SolutionProperties) = preSolution
		HideSolutionNode = FALSE
	EndGlobalSection
	GlobalSection(ExtensibilityGlobals) = postSolution
		SolutionGuid = {D4C6E444-AE52-421D-A0DE-D4BCF0136496}
	EndGlobalSection
EndGlobal
